// !$*UTF8*$!
{
	archiveVersion = 1;
	classes = {
	};
	objectVersion = 77;
	objects = {

/* Begin PBXBuildFile section */
		01E2FE40800E77580A347363 /* AudioService.swift in Sources */ = {isa = PBXBuildFile; fileRef = F010CBED313155C1312132C7 /* AudioService.swift */; };
		06D5DCFACC6BE165A7495879 /* AudioServiceWaveformTests.swift in Sources */ = {isa = PBXBuildFile; fileRef = F4A2D7FAB33D0EB639012629 /* AudioServiceWaveformTests.swift */; };
		0FB937E23F0B2C3B298E91BC /* FlashcardWeighting.swift in Sources */ = {isa = PBXBuildFile; fileRef = 8E7A0D623A34B9C66304FFD1 /* FlashcardWeighting.swift */; };
		2601952DF7FE1B9B7E402EE5 /* FiddleTunesTests.swift in Sources */ = {isa = PBXBuildFile; fileRef = 43A053701D6D0F773E48B609 /* FiddleTunesTests.swift */; };
		2682AFA9A849B0BB9E73C00B /* LibraryView.swift in Sources */ = {isa = PBXBuildFile; fileRef = E50EBB7824A5AAFB8123330C /* LibraryView.swift */; };
		36E8906888AAE47526B11DB9 /* AddTuneView.swift in Sources */ = {isa = PBXBuildFile; fileRef = 982955CA7251580BA7F484D0 /* AddTuneView.swift */; };
		3D5DF18C7B9AB7836CD2C0A9 /* AVFoundation.framework in Frameworks */ = {isa = PBXBuildFile; fileRef = 1EF03D854CC41315AAB180B1 /* AVFoundation.framework */; };
		42B3137BA5C51D51C7946002 /* WaveformView.swift in Sources */ = {isa = PBXBuildFile; fileRef = 75BCD99E4CF641E03781DF89 /* WaveformView.swift */; };
		4C8493E21228CDB54A10810C /* ImageGenerationServiceTests.swift in Sources */ = {isa = PBXBuildFile; fileRef = 8357314932D0CC2E6D0F0BD2 /* ImageGenerationServiceTests.swift */; };
		544BD836B66FBA58F647EF15 /* KeychainServiceTests.swift in Sources */ = {isa = PBXBuildFile; fileRef = 7AD6B7B4B023BBDF45F3ED01 /* KeychainServiceTests.swift */; };
		560F6AF35C9401EBEFAE2D4D /* RecordAudioView.swift in Sources */ = {isa = PBXBuildFile; fileRef = 2BBEECD789E13A720FC98B69 /* RecordAudioView.swift */; };
		612F5F1609757338BD76C875 /* FlashcardWeightingTests.swift in Sources */ = {isa = PBXBuildFile; fileRef = ED709F64D033EEDD99EF9DD4 /* FlashcardWeightingTests.swift */; };
		61C984D32DB2E4B6C53C5591 /* KeychainService.swift in Sources */ = {isa = PBXBuildFile; fileRef = 2FEC0C15DEFCB5E4D76CA21E /* KeychainService.swift */; };
		73F407E59C854E001C0BF6F2 /* TuneRowView.swift in Sources */ = {isa = PBXBuildFile; fileRef = 3C541E81B0BFF2B4B45752D8 /* TuneRowView.swift */; };
		7CF0CC52676AEF3FFF9D05C6 /* FilterPanelView.swift in Sources */ = {isa = PBXBuildFile; fileRef = 477F2739C5164ADB38C08D07 /* FilterPanelView.swift */; };
		7FDEAA40B8EA61DC87E96E98 /* FlashcardsView.swift in Sources */ = {isa = PBXBuildFile; fileRef = 44351D48D8D435B184444497 /* FlashcardsView.swift */; };
		829465CEE6C0244E3BB15DC6 /* FlashcardCardView.swift in Sources */ = {isa = PBXBuildFile; fileRef = 7D99802A25E95F027158E21F /* FlashcardCardView.swift */; };
		847D6FE0B6B345C763CC790C /* ContentView.swift in Sources */ = {isa = PBXBuildFile; fileRef = 226F18B2CCC3323725E473D3 /* ContentView.swift */; };
		8AC6D7D589CA55625AB1396A /* CloudKit.framework in Frameworks */ = {isa = PBXBuildFile; fileRef = 31C3253F1727D394073B7155 /* CloudKit.framework */; };
		9374EC1935413ED1941446A8 /* FiddleTunesApp.swift in Sources */ = {isa = PBXBuildFile; fileRef = 4BD1C330BA143B60774C14E6 /* FiddleTunesApp.swift */; };
		963A2B1BB9657DC98735F7D7 /* Tune.swift in Sources */ = {isa = PBXBuildFile; fileRef = 33FDFC3517AF62335DE6F19F /* Tune.swift */; };
		B176A3F011EB19103F7303AA /* ImageGenerationService.swift in Sources */ = {isa = PBXBuildFile; fileRef = 8DA18BD1E487A6BC8C1C01DD /* ImageGenerationService.swift */; };
		D5D914C1AAC0201FF1706FFB /* TuneMetadataFormView.swift in Sources */ = {isa = PBXBuildFile; fileRef = DA3E4BC3BB1B06721109A5B0 /* TuneMetadataFormView.swift */; };
		F42348BBCC4DF9BBF8F80302 /* TunePlayerView.swift in Sources */ = {isa = PBXBuildFile; fileRef = 3C1EB40F40C7BA458ADFC45D /* TunePlayerView.swift */; };
/* End PBXBuildFile section */

/* Begin PBXContainerItemProxy section */
		C9C9A7475CA0DA9971529614 /* PBXContainerItemProxy */ = {
			isa = PBXContainerItemProxy;
			containerPortal = 5C71D6FF7A9E676E50A3CEB7 /* Project object */;
			proxyType = 1;
			remoteGlobalIDString = 13338075EA49611124E6D410;
			remoteInfo = FiddleTunes;
		};
/* End PBXContainerItemProxy section */

/* Begin PBXFileReference section */
		1EF03D854CC41315AAB180B1 /* AVFoundation.framework */ = {isa = PBXFileReference; lastKnownFileType = wrapper.framework; name = AVFoundation.framework; path = System/Library/Frameworks/AVFoundation.framework; sourceTree = SDKROOT; };
		226F18B2CCC3323725E473D3 /* ContentView.swift */ = {isa = PBXFileReference; lastKnownFileType = sourcecode.swift; path = ContentView.swift; sourceTree = "<group>"; };
		2BBEECD789E13A720FC98B69 /* RecordAudioView.swift */ = {isa = PBXFileReference; lastKnownFileType = sourcecode.swift; path = RecordAudioView.swift; sourceTree = "<group>"; };
		2FEC0C15DEFCB5E4D76CA21E /* KeychainService.swift */ = {isa = PBXFileReference; lastKnownFileType = sourcecode.swift; path = KeychainService.swift; sourceTree = "<group>"; };
		31C3253F1727D394073B7155 /* CloudKit.framework */ = {isa = PBXFileReference; lastKnownFileType = wrapper.framework; name = CloudKit.framework; path = System/Library/Frameworks/CloudKit.framework; sourceTree = SDKROOT; };
		33FDFC3517AF62335DE6F19F /* Tune.swift */ = {isa = PBXFileReference; lastKnownFileType = sourcecode.swift; path = Tune.swift; sourceTree = "<group>"; };
		3C1EB40F40C7BA458ADFC45D /* TunePlayerView.swift */ = {isa = PBXFileReference; lastKnownFileType = sourcecode.swift; path = TunePlayerView.swift; sourceTree = "<group>"; };
		3C541E81B0BFF2B4B45752D8 /* TuneRowView.swift */ = {isa = PBXFileReference; lastKnownFileType = sourcecode.swift; path = TuneRowView.swift; sourceTree = "<group>"; };
		3CB9045B97CA69E37ADDCBA7 /* Info.plist */ = {isa = PBXFileReference; lastKnownFileType = text.plist; path = Info.plist; sourceTree = "<group>"; };
		43A053701D6D0F773E48B609 /* FiddleTunesTests.swift */ = {isa = PBXFileReference; lastKnownFileType = sourcecode.swift; path = FiddleTunesTests.swift; sourceTree = "<group>"; };
		44351D48D8D435B184444497 /* FlashcardsView.swift */ = {isa = PBXFileReference; lastKnownFileType = sourcecode.swift; path = FlashcardsView.swift; sourceTree = "<group>"; };
		477F2739C5164ADB38C08D07 /* FilterPanelView.swift */ = {isa = PBXFileReference; lastKnownFileType = sourcecode.swift; path = FilterPanelView.swift; sourceTree = "<group>"; };
		4BD1C330BA143B60774C14E6 /* FiddleTunesApp.swift */ = {isa = PBXFileReference; lastKnownFileType = sourcecode.swift; path = FiddleTunesApp.swift; sourceTree = "<group>"; };
		75BCD99E4CF641E03781DF89 /* WaveformView.swift */ = {isa = PBXFileReference; lastKnownFileType = sourcecode.swift; path = WaveformView.swift; sourceTree = "<group>"; };
		7AD6B7B4B023BBDF45F3ED01 /* KeychainServiceTests.swift */ = {isa = PBXFileReference; lastKnownFileType = sourcecode.swift; path = KeychainServiceTests.swift; sourceTree = "<group>"; };
		7C2E22F8C5F6B15CBBDEA134 /* FiddleTunes.entitlements */ = {isa = PBXFileReference; lastKnownFileType = text.plist.entitlements; path = FiddleTunes.entitlements; sourceTree = "<group>"; };
		7D99802A25E95F027158E21F /* FlashcardCardView.swift */ = {isa = PBXFileReference; lastKnownFileType = sourcecode.swift; path = FlashcardCardView.swift; sourceTree = "<group>"; };
		8357314932D0CC2E6D0F0BD2 /* ImageGenerationServiceTests.swift */ = {isa = PBXFileReference; lastKnownFileType = sourcecode.swift; path = ImageGenerationServiceTests.swift; sourceTree = "<group>"; };
		8DA18BD1E487A6BC8C1C01DD /* ImageGenerationService.swift */ = {isa = PBXFileReference; lastKnownFileType = sourcecode.swift; path = ImageGenerationService.swift; sourceTree = "<group>"; };
		8E7A0D623A34B9C66304FFD1 /* FlashcardWeighting.swift */ = {isa = PBXFileReference; lastKnownFileType = sourcecode.swift; path = FlashcardWeighting.swift; sourceTree = "<group>"; };
		982955CA7251580BA7F484D0 /* AddTuneView.swift */ = {isa = PBXFileReference; lastKnownFileType = sourcecode.swift; path = AddTuneView.swift; sourceTree = "<group>"; };
		B57489C46A218DBE9C605BB3 /* FiddleTunes.app */ = {isa = PBXFileReference; includeInIndex = 0; lastKnownFileType = wrapper.application; path = FiddleTunes.app; sourceTree = BUILT_PRODUCTS_DIR; };
		DA3E4BC3BB1B06721109A5B0 /* TuneMetadataFormView.swift */ = {isa = PBXFileReference; lastKnownFileType = sourcecode.swift; path = TuneMetadataFormView.swift; sourceTree = "<group>"; };
		E50EBB7824A5AAFB8123330C /* LibraryView.swift */ = {isa = PBXFileReference; lastKnownFileType = sourcecode.swift; path = LibraryView.swift; sourceTree = "<group>"; };
		ED709F64D033EEDD99EF9DD4 /* FlashcardWeightingTests.swift */ = {isa = PBXFileReference; lastKnownFileType = sourcecode.swift; path = FlashcardWeightingTests.swift; sourceTree = "<group>"; };
		F010CBED313155C1312132C7 /* AudioService.swift */ = {isa = PBXFileReference; lastKnownFileType = sourcecode.swift; path = AudioService.swift; sourceTree = "<group>"; };
		F4A2D7FAB33D0EB639012629 /* AudioServiceWaveformTests.swift */ = {isa = PBXFileReference; lastKnownFileType = sourcecode.swift; path = AudioServiceWaveformTests.swift; sourceTree = "<group>"; };
		F92F7608DE0F61EA43D0E775 /* FiddleTunesTests.xctest */ = {isa = PBXFileReference; includeInIndex = 0; lastKnownFileType = wrapper.cfbundle; path = FiddleTunesTests.xctest; sourceTree = BUILT_PRODUCTS_DIR; };
/* End PBXFileReference section */

/* Begin PBXFrameworksBuildPhase section */
		17539AC9BD9D8DE9ED1FBE1B /* Frameworks */ = {
			isa = PBXFrameworksBuildPhase;
			buildActionMask = 2147483647;
			files = (
				8AC6D7D589CA55625AB1396A /* CloudKit.framework in Frameworks */,
				3D5DF18C7B9AB7836CD2C0A9 /* AVFoundation.framework in Frameworks */,
			);
			runOnlyForDeploymentPostprocessing = 0;
		};
/* End PBXFrameworksBuildPhase section */

/* Begin PBXGroup section */
		15732588AE09872D303783E0 /* FiddleTunes */ = {
			isa = PBXGroup;
			children = (
				226F18B2CCC3323725E473D3 /* ContentView.swift */,
				7C2E22F8C5F6B15CBBDEA134 /* FiddleTunes.entitlements */,
				4BD1C330BA143B60774C14E6 /* FiddleTunesApp.swift */,
				3CB9045B97CA69E37ADDCBA7 /* Info.plist */,
				281E47359E35F695AB9E065A /* Helpers */,
				B887BDD395AAB6F8F272B756 /* Models */,
				24ABBBDC7F3002D91456D2F4 /* Services */,
				C3AC5B73B7C7FCE7D60020C3 /* Views */,
			);
			path = FiddleTunes;
			sourceTree = "<group>";
		};
		158DCDD42C65066966A9C659 /* Player */ = {
			isa = PBXGroup;
			children = (
				3C1EB40F40C7BA458ADFC45D /* TunePlayerView.swift */,
				75BCD99E4CF641E03781DF89 /* WaveformView.swift */,
			);
			path = Player;
			sourceTree = "<group>";
		};
		24ABBBDC7F3002D91456D2F4 /* Services */ = {
			isa = PBXGroup;
			children = (
				F010CBED313155C1312132C7 /* AudioService.swift */,
				8DA18BD1E487A6BC8C1C01DD /* ImageGenerationService.swift */,
				2FEC0C15DEFCB5E4D76CA21E /* KeychainService.swift */,
			);
			path = Services;
			sourceTree = "<group>";
		};
		281E47359E35F695AB9E065A /* Helpers */ = {
			isa = PBXGroup;
			children = (
				8E7A0D623A34B9C66304FFD1 /* FlashcardWeighting.swift */,
			);
			path = Helpers;
			sourceTree = "<group>";
		};
		3F3693133AD274D5444DCB2E = {
			isa = PBXGroup;
			children = (
				15732588AE09872D303783E0 /* FiddleTunes */,
				E923A811FA155EBD23F80544 /* FiddleTunesTests */,
				E6EBF703E35BB36CC2627296 /* Frameworks */,
				AF04D96BA8EBDD83341DFAA9 /* Products */,
			);
			sourceTree = "<group>";
		};
		66414DBD2B925D0702BAE508 /* AddTune */ = {
			isa = PBXGroup;
			children = (
				982955CA7251580BA7F484D0 /* AddTuneView.swift */,
				2BBEECD789E13A720FC98B69 /* RecordAudioView.swift */,
				DA3E4BC3BB1B06721109A5B0 /* TuneMetadataFormView.swift */,
			);
			path = AddTune;
			sourceTree = "<group>";
		};
		764F99542E3B56AFD4E348D1 /* Library */ = {
			isa = PBXGroup;
			children = (
				477F2739C5164ADB38C08D07 /* FilterPanelView.swift */,
				E50EBB7824A5AAFB8123330C /* LibraryView.swift */,
				3C541E81B0BFF2B4B45752D8 /* TuneRowView.swift */,
			);
			path = Library;
			sourceTree = "<group>";
		};
		AAC6779AD81DF881CFF71B9A /* Flashcards */ = {
			isa = PBXGroup;
			children = (
				7D99802A25E95F027158E21F /* FlashcardCardView.swift */,
				44351D48D8D435B184444497 /* FlashcardsView.swift */,
			);
			path = Flashcards;
			sourceTree = "<group>";
		};
		AF04D96BA8EBDD83341DFAA9 /* Products */ = {
			isa = PBXGroup;
			children = (
				B57489C46A218DBE9C605BB3 /* FiddleTunes.app */,
				F92F7608DE0F61EA43D0E775 /* FiddleTunesTests.xctest */,
			);
			name = Products;
			sourceTree = "<group>";
		};
		B887BDD395AAB6F8F272B756 /* Models */ = {
			isa = PBXGroup;
			children = (
				33FDFC3517AF62335DE6F19F /* Tune.swift */,
			);
			path = Models;
			sourceTree = "<group>";
		};
		C3AC5B73B7C7FCE7D60020C3 /* Views */ = {
			isa = PBXGroup;
			children = (
				66414DBD2B925D0702BAE508 /* AddTune */,
				AAC6779AD81DF881CFF71B9A /* Flashcards */,
				764F99542E3B56AFD4E348D1 /* Library */,
				158DCDD42C65066966A9C659 /* Player */,
			);
			path = Views;
			sourceTree = "<group>";
		};
		E6EBF703E35BB36CC2627296 /* Frameworks */ = {
			isa = PBXGroup;
			children = (
				1EF03D854CC41315AAB180B1 /* AVFoundation.framework */,
				31C3253F1727D394073B7155 /* CloudKit.framework */,
			);
			name = Frameworks;
			sourceTree = "<group>";
		};
		E923A811FA155EBD23F80544 /* FiddleTunesTests */ = {
			isa = PBXGroup;
			children = (
				F4A2D7FAB33D0EB639012629 /* AudioServiceWaveformTests.swift */,
				43A053701D6D0F773E48B609 /* FiddleTunesTests.swift */,
				ED709F64D033EEDD99EF9DD4 /* FlashcardWeightingTests.swift */,
				8357314932D0CC2E6D0F0BD2 /* ImageGenerationServiceTests.swift */,
				7AD6B7B4B023BBDF45F3ED01 /* KeychainServiceTests.swift */,
			);
			path = FiddleTunesTests;
			sourceTree = "<group>";
		};
/* End PBXGroup section */

/* Begin PBXNativeTarget section */
		13338075EA49611124E6D410 /* FiddleTunes */ = {
			isa = PBXNativeTarget;
			buildConfigurationList = FC23C447581D602022BED063 /* Build configuration list for PBXNativeTarget "FiddleTunes" */;
			buildPhases = (
				4E7D3D8B0937EFEB0A50FF97 /* Sources */,
				17539AC9BD9D8DE9ED1FBE1B /* Frameworks */,
			);
			buildRules = (
			);
			dependencies = (
			);
			name = FiddleTunes;
			packageProductDependencies = (
			);
			productName = FiddleTunes;
			productReference = B57489C46A218DBE9C605BB3 /* FiddleTunes.app */;
			productType = "com.apple.product-type.application";
		};
		37662D3CB539FA49AFBA28A1 /* FiddleTunesTests */ = {
			isa = PBXNativeTarget;
			buildConfigurationList = 2ED76541760F91533ED1DD76 /* Build configuration list for PBXNativeTarget "FiddleTunesTests" */;
			buildPhases = (
				ED0022030B9BFEBCFE6B69B1 /* Sources */,
			);
			buildRules = (
			);
			dependencies = (
				7654D18D57AA286DE4304E75 /* PBXTargetDependency */,
			);
			name = FiddleTunesTests;
			packageProductDependencies = (
			);
			productName = FiddleTunesTests;
			productReference = F92F7608DE0F61EA43D0E775 /* FiddleTunesTests.xctest */;
			productType = "com.apple.product-type.bundle.unit-test";
		};
/* End PBXNativeTarget section */

/* Begin PBXProject section */
		5C71D6FF7A9E676E50A3CEB7 /* Project object */ = {
			isa = PBXProject;
			attributes = {
				BuildIndependentTargetsInParallel = YES;
				LastUpgradeCheck = 1600;
				TargetAttributes = {
					13338075EA49611124E6D410 = {
						DevelopmentTeam = "";
					};
				};
			};
			buildConfigurationList = 1648A6C29965378771BB74CF /* Build configuration list for PBXProject "FiddleTunes" */;
			developmentRegion = en;
			hasScannedForEncodings = 0;
			knownRegions = (
				Base,
				en,
			);
			mainGroup = 3F3693133AD274D5444DCB2E;
			minimizedProjectReferenceProxies = 1;
			preferredProjectObjectVersion = 77;
			productRefGroup = AF04D96BA8EBDD83341DFAA9 /* Products */;
			projectDirPath = "";
			projectRoot = "";
			targets = (
				13338075EA49611124E6D410 /* FiddleTunes */,
				37662D3CB539FA49AFBA28A1 /* FiddleTunesTests */,
			);
		};
/* End PBXProject section */

/* Begin PBXSourcesBuildPhase section */
		4E7D3D8B0937EFEB0A50FF97 /* Sources */ = {
			isa = PBXSourcesBuildPhase;
			buildActionMask = 2147483647;
			files = (
				36E8906888AAE47526B11DB9 /* AddTuneView.swift in Sources */,
				01E2FE40800E77580A347363 /* AudioService.swift in Sources */,
				847D6FE0B6B345C763CC790C /* ContentView.swift in Sources */,
				9374EC1935413ED1941446A8 /* FiddleTunesApp.swift in Sources */,
				7CF0CC52676AEF3FFF9D05C6 /* FilterPanelView.swift in Sources */,
				829465CEE6C0244E3BB15DC6 /* FlashcardCardView.swift in Sources */,
				0FB937E23F0B2C3B298E91BC /* FlashcardWeighting.swift in Sources */,
				7FDEAA40B8EA61DC87E96E98 /* FlashcardsView.swift in Sources */,
				B176A3F011EB19103F7303AA /* ImageGenerationService.swift in Sources */,
				61C984D32DB2E4B6C53C5591 /* KeychainService.swift in Sources */,
				2682AFA9A849B0BB9E73C00B /* LibraryView.swift in Sources */,
				560F6AF35C9401EBEFAE2D4D /* RecordAudioView.swift in Sources */,
				963A2B1BB9657DC98735F7D7 /* Tune.swift in Sources */,
				D5D914C1AAC0201FF1706FFB /* TuneMetadataFormView.swift in Sources */,
				F42348BBCC4DF9BBF8F80302 /* TunePlayerView.swift in Sources */,
				73F407E59C854E001C0BF6F2 /* TuneRowView.swift in Sources */,
				42B3137BA5C51D51C7946002 /* WaveformView.swift in Sources */,
			);
			runOnlyForDeploymentPostprocessing = 0;
		};
		ED0022030B9BFEBCFE6B69B1 /* Sources */ = {
			isa = PBXSourcesBuildPhase;
			buildActionMask = 2147483647;
			files = (
				06D5DCFACC6BE165A7495879 /* AudioServiceWaveformTests.swift in Sources */,
				2601952DF7FE1B9B7E402EE5 /* FiddleTunesTests.swift in Sources */,
				612F5F1609757338BD76C875 /* FlashcardWeightingTests.swift in Sources */,
				4C8493E21228CDB54A10810C /* ImageGenerationServiceTests.swift in Sources */,
				544BD836B66FBA58F647EF15 /* KeychainServiceTests.swift in Sources */,
			);
			runOnlyForDeploymentPostprocessing = 0;
		};
/* End PBXSourcesBuildPhase section */

/* Begin PBXTargetDependency section */
		7654D18D57AA286DE4304E75 /* PBXTargetDependency */ = {
			isa = PBXTargetDependency;
			target = 13338075EA49611124E6D410 /* FiddleTunes */;
			targetProxy = C9C9A7475CA0DA9971529614 /* PBXContainerItemProxy */;
		};
/* End PBXTargetDependency section */

/* Begin XCBuildConfiguration section */
		21F05F694C2CEA80F12B2566 /* Release */ = {
			isa = XCBuildConfiguration;
			buildSettings = {
				ASSETCATALOG_COMPILER_APPICON_NAME = AppIcon;
				CODE_SIGN_ENTITLEMENTS = FiddleTunes/FiddleTunes.entitlements;
				CODE_SIGN_IDENTITY = "iPhone Developer";
				DEVELOPMENT_TEAM = "";
				INFOPLIST_FILE = FiddleTunes/Info.plist;
				IPHONEOS_DEPLOYMENT_TARGET = 17.0;
				LD_RUNPATH_SEARCH_PATHS = (
					"$(inherited)",
					"@executable_path/Frameworks",
				);
				PRODUCT_BUNDLE_IDENTIFIER = com.iancurry.FiddleTunes;
				SDKROOT = iphoneos;
				SWIFT_VERSION = 5.9;
				TARGETED_DEVICE_FAMILY = 1;
			};
			name = Release;
		};
		276175140F824D819B8DA42F /* Release */ = {
			isa = XCBuildConfiguration;
			buildSettings = {
				ALWAYS_SEARCH_USER_PATHS = NO;
				CLANG_ANALYZER_NONNULL = YES;
				CLANG_ANALYZER_NUMBER_OBJECT_CONVERSION = YES_AGGRESSIVE;
				CLANG_CXX_LANGUAGE_STANDARD = "gnu++14";
				CLANG_CXX_LIBRARY = "libc++";
				CLANG_ENABLE_MODULES = YES;
				CLANG_ENABLE_OBJC_ARC = YES;
				CLANG_ENABLE_OBJC_WEAK = YES;
				CLANG_WARN_BLOCK_CAPTURE_AUTORELEASING = YES;
				CLANG_WARN_BOOL_CONVERSION = YES;
				CLANG_WARN_COMMA = YES;
				CLANG_WARN_CONSTANT_CONVERSION = YES;
				CLANG_WARN_DEPRECATED_OBJC_IMPLEMENTATIONS = YES;
				CLANG_WARN_DIRECT_OBJC_ISA_USAGE = YES_ERROR;
				CLANG_WARN_DOCUMENTATION_COMMENTS = YES;
				CLANG_WARN_EMPTY_BODY = YES;
				CLANG_WARN_ENUM_CONVERSION = YES;
				CLANG_WARN_INFINITE_RECURSION = YES;
				CLANG_WARN_INT_CONVERSION = YES;
				CLANG_WARN_NON_LITERAL_NULL_CONVERSION = YES;
				CLANG_WARN_OBJC_IMPLICIT_RETAIN_SELF = YES;
				CLANG_WARN_OBJC_LITERAL_CONVERSION = YES;
				CLANG_WARN_OBJC_ROOT_CLASS = YES_ERROR;
				CLANG_WARN_QUOTED_INCLUDE_IN_FRAMEWORK_HEADER = YES;
				CLANG_WARN_RANGE_LOOP_ANALYSIS = YES;
				CLANG_WARN_STRICT_PROTOTYPES = YES;
				CLANG_WARN_SUSPICIOUS_MOVE = YES;
				CLANG_WARN_UNGUARDED_AVAILABILITY = YES_AGGRESSIVE;
				CLANG_WARN_UNREACHABLE_CODE = YES;
				CLANG_WARN__DUPLICATE_METHOD_MATCH = YES;
				COPY_PHASE_STRIP = NO;
				DEBUG_INFORMATION_FORMAT = "dwarf-with-dsym";
				ENABLE_NS_ASSERTIONS = NO;
				ENABLE_STRICT_OBJC_MSGSEND = YES;
				GCC_C_LANGUAGE_STANDARD = gnu11;
				GCC_NO_COMMON_BLOCKS = YES;
				GCC_WARN_64_TO_32_BIT_CONVERSION = YES;
				GCC_WARN_ABOUT_RETURN_TYPE = YES_ERROR;
				GCC_WARN_UNDECLARED_SELECTOR = YES;
				GCC_WARN_UNINITIALIZED_AUTOS = YES_AGGRESSIVE;
				GCC_WARN_UNUSED_FUNCTION = YES;
				GCC_WARN_UNUSED_VARIABLE = YES;
				IPHONEOS_DEPLOYMENT_TARGET = 17.0;
				MTL_ENABLE_DEBUG_INFO = NO;
				MTL_FAST_MATH = YES;
				PRODUCT_NAME = "$(TARGET_NAME)";
				SDKROOT = iphoneos;
				SWIFT_COMPILATION_MODE = wholemodule;
				SWIFT_OPTIMIZATION_LEVEL = "-O";
				SWIFT_VERSION = 5.0;
			};
			name = Release;
		};
		84AA879D86304D52334F05B3 /* Debug */ = {
			isa = XCBuildConfiguration;
			buildSettings = {
				ALWAYS_SEARCH_USER_PATHS = NO;
				CLANG_ANALYZER_NONNULL = YES;
				CLANG_ANALYZER_NUMBER_OBJECT_CONVERSION = YES_AGGRESSIVE;
				CLANG_CXX_LANGUAGE_STANDARD = "gnu++14";
				CLANG_CXX_LIBRARY = "libc++";
				CLANG_ENABLE_MODULES = YES;
				CLANG_ENABLE_OBJC_ARC = YES;
				CLANG_ENABLE_OBJC_WEAK = YES;
				CLANG_WARN_BLOCK_CAPTURE_AUTORELEASING = YES;
				CLANG_WARN_BOOL_CONVERSION = YES;
				CLANG_WARN_COMMA = YES;
				CLANG_WARN_CONSTANT_CONVERSION = YES;
				CLANG_WARN_DEPRECATED_OBJC_IMPLEMENTATIONS = YES;
				CLANG_WARN_DIRECT_OBJC_ISA_USAGE = YES_ERROR;
				CLANG_WARN_DOCUMENTATION_COMMENTS = YES;
				CLANG_WARN_EMPTY_BODY = YES;
				CLANG_WARN_ENUM_CONVERSION = YES;
				CLANG_WARN_INFINITE_RECURSION = YES;
				CLANG_WARN_INT_CONVERSION = YES;
				CLANG_WARN_NON_LITERAL_NULL_CONVERSION = YES;
				CLANG_WARN_OBJC_IMPLICIT_RETAIN_SELF = YES;
				CLANG_WARN_OBJC_LITERAL_CONVERSION = YES;
				CLANG_WARN_OBJC_ROOT_CLASS = YES_ERROR;
				CLANG_WARN_QUOTED_INCLUDE_IN_FRAMEWORK_HEADER = YES;
				CLANG_WARN_RANGE_LOOP_ANALYSIS = YES;
				CLANG_WARN_STRICT_PROTOTYPES = YES;
				CLANG_WARN_SUSPICIOUS_MOVE = YES;
				CLANG_WARN_UNGUARDED_AVAILABILITY = YES_AGGRESSIVE;
				CLANG_WARN_UNREACHABLE_CODE = YES;
				CLANG_WARN__DUPLICATE_METHOD_MATCH = YES;
				COPY_PHASE_STRIP = NO;
				DEBUG_INFORMATION_FORMAT = dwarf;
				ENABLE_STRICT_OBJC_MSGSEND = YES;
				ENABLE_TESTABILITY = YES;
				GCC_C_LANGUAGE_STANDARD = gnu11;
				GCC_DYNAMIC_NO_PIC = NO;
				GCC_NO_COMMON_BLOCKS = YES;
				GCC_OPTIMIZATION_LEVEL = 0;
				GCC_PREPROCESSOR_DEFINITIONS = (
					"$(inherited)",
					"DEBUG=1",
				);
				GCC_WARN_64_TO_32_BIT_CONVERSION = YES;
				GCC_WARN_ABOUT_RETURN_TYPE = YES_ERROR;
				GCC_WARN_UNDECLARED_SELECTOR = YES;
				GCC_WARN_UNINITIALIZED_AUTOS = YES_AGGRESSIVE;
				GCC_WARN_UNUSED_FUNCTION = YES;
				GCC_WARN_UNUSED_VARIABLE = YES;
				IPHONEOS_DEPLOYMENT_TARGET = 17.0;
				MTL_ENABLE_DEBUG_INFO = INCLUDE_SOURCE;
				MTL_FAST_MATH = YES;
				ONLY_ACTIVE_ARCH = YES;
				PRODUCT_NAME = "$(TARGET_NAME)";
				SDKROOT = iphoneos;
				SWIFT_ACTIVE_COMPILATION_CONDITIONS = DEBUG;
				SWIFT_OPTIMIZATION_LEVEL = "-Onone";
				SWIFT_VERSION = 5.0;
			};
			name = Debug;
		};
		9EEAF34C027DDFFBA25A3926 /* Debug */ = {
			isa = XCBuildConfiguration;
			buildSettings = {
				BUNDLE_LOADER = "$(TEST_HOST)";
				IPHONEOS_DEPLOYMENT_TARGET = 17.0;
				LD_RUNPATH_SEARCH_PATHS = (
					"$(inherited)",
					"@executable_path/Frameworks",
					"@loader_path/Frameworks",
				);
				PRODUCT_BUNDLE_IDENTIFIER = com.iancurry.FiddleTunesTests;
				SDKROOT = iphoneos;
				SWIFT_VERSION = 5.9;
				TARGETED_DEVICE_FAMILY = "1,2";
				TEST_HOST = "$(BUILT_PRODUCTS_DIR)/FiddleTunes.app/FiddleTunes";
			};
			name = Debug;
		};
		C0C7A2C6FD6BA8D85E867DDC /* Debug */ = {
			isa = XCBuildConfiguration;
			buildSettings = {
				ASSETCATALOG_COMPILER_APPICON_NAME = AppIcon;
				CODE_SIGN_ENTITLEMENTS = FiddleTunes/FiddleTunes.entitlements;
				CODE_SIGN_IDENTITY = "iPhone Developer";
				DEVELOPMENT_TEAM = "";
				INFOPLIST_FILE = FiddleTunes/Info.plist;
				IPHONEOS_DEPLOYMENT_TARGET = 17.0;
				LD_RUNPATH_SEARCH_PATHS = (
					"$(inherited)",
					"@executable_path/Frameworks",
				);
				PRODUCT_BUNDLE_IDENTIFIER = com.iancurry.FiddleTunes;
				SDKROOT = iphoneos;
				SWIFT_VERSION = 5.9;
				TARGETED_DEVICE_FAMILY = 1;
			};
			name = Debug;
		};
		FFD4DB35BD22B4B8CD7BE48C /* Release */ = {
			isa = XCBuildConfiguration;
			buildSettings = {
				BUNDLE_LOADER = "$(TEST_HOST)";
				IPHONEOS_DEPLOYMENT_TARGET = 17.0;
				LD_RUNPATH_SEARCH_PATHS = (
					"$(inherited)",
					"@executable_path/Frameworks",
					"@loader_path/Frameworks",
				);
				PRODUCT_BUNDLE_IDENTIFIER = com.iancurry.FiddleTunesTests;
				SDKROOT = iphoneos;
				SWIFT_VERSION = 5.9;
				TARGETED_DEVICE_FAMILY = "1,2";
				TEST_HOST = "$(BUILT_PRODUCTS_DIR)/FiddleTunes.app/FiddleTunes";
			};
			name = Release;
		};
/* End XCBuildConfiguration section */

/* Begin XCConfigurationList section */
		1648A6C29965378771BB74CF /* Build configuration list for PBXProject "FiddleTunes" */ = {
			isa = XCConfigurationList;
			buildConfigurations = (
				84AA879D86304D52334F05B3 /* Debug */,
				276175140F824D819B8DA42F /* Release */,
			);
			defaultConfigurationIsVisible = 0;
			defaultConfigurationName = Debug;
		};
		2ED76541760F91533ED1DD76 /* Build configuration list for PBXNativeTarget "FiddleTunesTests" */ = {
			isa = XCConfigurationList;
			buildConfigurations = (
				9EEAF34C027DDFFBA25A3926 /* Debug */,
				FFD4DB35BD22B4B8CD7BE48C /* Release */,
			);
			defaultConfigurationIsVisible = 0;
			defaultConfigurationName = Debug;
		};
		FC23C447581D602022BED063 /* Build configuration list for PBXNativeTarget "FiddleTunes" */ = {
			isa = XCConfigurationList;
			buildConfigurations = (
				C0C7A2C6FD6BA8D85E867DDC /* Debug */,
				21F05F694C2CEA80F12B2566 /* Release */,
			);
			defaultConfigurationIsVisible = 0;
			defaultConfigurationName = Debug;
		};
/* End XCConfigurationList section */
	};
	rootObject = 5C71D6FF7A9E676E50A3CEB7 /* Project object */;
}
